
Microsoft Visual Studio Solution File, Format Version 12.00
# Visual Studio Version 16
VisualStudioVersion = 16.6.30114.105
MinimumVisualStudioVersion = 10.0.40219.1
Project("{2150E333-8FDC-42A3-9474-1A3956D46DE8}") = "MobileApplication", "MobileApplication", "{DDD862B3-F3A9-4867-A130-24495547E8E1}"
EndProject
Project("{2150E333-8FDC-42A3-9474-1A3956D46DE8}") = "src", "src", "{F9A40B29-FE47-4386-8B8C-7301ED98AC79}"
EndProject
Project("{9A19103F-16F7-4668-BE54-9A1E7A4F7556}") = "MobileApplication.WebApi", "MobileApplication\src\MobileApplication.WebApi\MobileApplication.WebApi.csproj", "{C364D9EB-DBC0-41A5-95D5-988441C71FD7}"
EndProject
Project("{9A19103F-16F7-4668-BE54-9A1E7A4F7556}") = "MobileApplication.Core", "MobileApplication\src\MobileApplication.Core\MobileApplication.Core.csproj", "{F444E5BF-C05A-4422-8E55-A78ADF2B3FA6}"
EndProject
Project("{9A19103F-16F7-4668-BE54-9A1E7A4F7556}") = "MobileApplication.Infrastructure", "MobileApplication\src\MobileApplication.Infrastructure\MobileApplication.Infrastructure.csproj", "{E7E02751-EA54-4402-8729-672DC5089EC4}"
EndProject
Project("{2150E333-8FDC-42A3-9474-1A3956D46DE8}") = "tests", "tests", "{16F33D43-03C8-46B9-AF4A-7E78037DF966}"
EndProject
Project("{9A19103F-16F7-4668-BE54-9A1E7A4F7556}") = "MobileApplication.IntegrationTests", "MobileApplication\tests\MobileApplication.IntegrationTests\MobileApplication.IntegrationTests.csproj", "{B4055A93-640A-430D-A8F2-349E040CCAC7}"
EndProject
Project("{9A19103F-16F7-4668-BE54-9A1E7A4F7556}") = "MobileApplication.FunctionalTests", "MobileApplication\tests\MobileApplication.FunctionalTests\MobileApplication.FunctionalTests.csproj", "{16BCC57C-CB1D-4D13-87BD-4506A1F7440A}"
EndProject
Project("{9A19103F-16F7-4668-BE54-9A1E7A4F7556}") = "MobileApplication.SharedTestHelpers", "MobileApplication\tests\MobileApplication.SharedTestHelpers\MobileApplication.SharedTestHelpers.csproj", "{2C25653E-EA21-45F7-B75E-1931C9869248}"
EndProject
Project("{9A19103F-16F7-4668-BE54-9A1E7A4F7556}") = "MobileApplication.UnitTests", "MobileApplication\tests\MobileApplication.UnitTests\MobileApplication.UnitTests.csproj", "{78272993-EFDA-4C67-95A8-359E2E52DB6A}"
EndProject
Project("{2150E333-8FDC-42A3-9474-1A3956D46DE8}") = "TaxiDispatcher", "TaxiDispatcher", "{9CB502D7-5EF7-43FA-82C4-8713E0445320}"
EndProject
Project("{2150E333-8FDC-42A3-9474-1A3956D46DE8}") = "src", "src", "{85C339B1-1675-4B05-BD85-55636B11D616}"
EndProject
Project("{9A19103F-16F7-4668-BE54-9A1E7A4F7556}") = "TaxiDispatcher.WebApi", "TaxiDispatcher\src\TaxiDispatcher.WebApi\TaxiDispatcher.WebApi.csproj", "{913819C2-8A1E-4F6F-8C19-81D07C3C9E45}"
EndProject
Project("{9A19103F-16F7-4668-BE54-9A1E7A4F7556}") = "TaxiDispatcher.Core", "TaxiDispatcher\src\TaxiDispatcher.Core\TaxiDispatcher.Core.csproj", "{B99A709B-720E-4CED-AA6D-D8547EE81898}"
EndProject
Project("{9A19103F-16F7-4668-BE54-9A1E7A4F7556}") = "TaxiDispatcher.Infrastructure", "TaxiDispatcher\src\TaxiDispatcher.Infrastructure\TaxiDispatcher.Infrastructure.csproj", "{6EB441AF-E6A5-4E93-868B-35A28D7280E5}"
EndProject
Project("{2150E333-8FDC-42A3-9474-1A3956D46DE8}") = "tests", "tests", "{2BE78DC6-2EAA-4D8F-A650-861B8D8F8C59}"
EndProject
Project("{9A19103F-16F7-4668-BE54-9A1E7A4F7556}") = "TaxiDispatcher.IntegrationTests", "TaxiDispatcher\tests\TaxiDispatcher.IntegrationTests\TaxiDispatcher.IntegrationTests.csproj", "{F1D36334-9923-4787-A72D-9ED8B602CB7A}"
EndProject
Project("{9A19103F-16F7-4668-BE54-9A1E7A4F7556}") = "TaxiDispatcher.FunctionalTests", "TaxiDispatcher\tests\TaxiDispatcher.FunctionalTests\TaxiDispatcher.FunctionalTests.csproj", "{9C9E0A91-F200-4DC2-A680-9D24BFFC5BA3}"
EndProject
Project("{9A19103F-16F7-4668-BE54-9A1E7A4F7556}") = "TaxiDispatcher.SharedTestHelpers", "TaxiDispatcher\tests\TaxiDispatcher.SharedTestHelpers\TaxiDispatcher.SharedTestHelpers.csproj", "{AD777012-EDB6-4DF0-B274-880C2CD1A731}"
EndProject
Project("{9A19103F-16F7-4668-BE54-9A1E7A4F7556}") = "TaxiDispatcher.UnitTests", "TaxiDispatcher\tests\TaxiDispatcher.UnitTests\TaxiDispatcher.UnitTests.csproj", "{2042AA67-2AB2-4407-8966-213174E1A9C8}"
EndProject
Project("{FAE04EC0-301F-11D3-BF4B-00C04F79EFBC}") = "Messages", "Messages\Messages.csproj", "{307A0C3E-1201-4B50-B554-CF00046B086C}"
EndProject
Global
	GlobalSection(SolutionConfigurationPlatforms) = preSolution
		Debug|Any CPU = Debug|Any CPU
		Debug|x64 = Debug|x64
		Debug|x86 = Debug|x86
		Release|Any CPU = Release|Any CPU
		Release|x64 = Release|x64
		Release|x86 = Release|x86
	EndGlobalSection
	GlobalSection(ProjectConfigurationPlatforms) = postSolution
		{C364D9EB-DBC0-41A5-95D5-988441C71FD7}.Debug|Any CPU.ActiveCfg = Debug|Any CPU
		{C364D9EB-DBC0-41A5-95D5-988441C71FD7}.Debug|Any CPU.Build.0 = Debug|Any CPU
		{C364D9EB-DBC0-41A5-95D5-988441C71FD7}.Debug|x64.ActiveCfg = Debug|Any CPU
		{C364D9EB-DBC0-41A5-95D5-988441C71FD7}.Debug|x64.Build.0 = Debug|Any CPU
		{C364D9EB-DBC0-41A5-95D5-988441C71FD7}.Debug|x86.ActiveCfg = Debug|Any CPU
		{C364D9EB-DBC0-41A5-95D5-988441C71FD7}.Debug|x86.Build.0 = Debug|Any CPU
		{C364D9EB-DBC0-41A5-95D5-988441C71FD7}.Release|Any CPU.ActiveCfg = Release|Any CPU
		{C364D9EB-DBC0-41A5-95D5-988441C71FD7}.Release|Any CPU.Build.0 = Release|Any CPU
		{C364D9EB-DBC0-41A5-95D5-988441C71FD7}.Release|x64.ActiveCfg = Release|Any CPU
		{C364D9EB-DBC0-41A5-95D5-988441C71FD7}.Release|x64.Build.0 = Release|Any CPU
		{C364D9EB-DBC0-41A5-95D5-988441C71FD7}.Release|x86.ActiveCfg = Release|Any CPU
		{C364D9EB-DBC0-41A5-95D5-988441C71FD7}.Release|x86.Build.0 = Release|Any CPU
		{F444E5BF-C05A-4422-8E55-A78ADF2B3FA6}.Debug|Any CPU.ActiveCfg = Debug|Any CPU
		{F444E5BF-C05A-4422-8E55-A78ADF2B3FA6}.Debug|Any CPU.Build.0 = Debug|Any CPU
		{F444E5BF-C05A-4422-8E55-A78ADF2B3FA6}.Debug|x64.ActiveCfg = Debug|Any CPU
		{F444E5BF-C05A-4422-8E55-A78ADF2B3FA6}.Debug|x64.Build.0 = Debug|Any CPU
		{F444E5BF-C05A-4422-8E55-A78ADF2B3FA6}.Debug|x86.ActiveCfg = Debug|Any CPU
		{F444E5BF-C05A-4422-8E55-A78ADF2B3FA6}.Debug|x86.Build.0 = Debug|Any CPU
		{F444E5BF-C05A-4422-8E55-A78ADF2B3FA6}.Release|Any CPU.ActiveCfg = Release|Any CPU
		{F444E5BF-C05A-4422-8E55-A78ADF2B3FA6}.Release|Any CPU.Build.0 = Release|Any CPU
		{F444E5BF-C05A-4422-8E55-A78ADF2B3FA6}.Release|x64.ActiveCfg = Release|Any CPU
		{F444E5BF-C05A-4422-8E55-A78ADF2B3FA6}.Release|x64.Build.0 = Release|Any CPU
		{F444E5BF-C05A-4422-8E55-A78ADF2B3FA6}.Release|x86.ActiveCfg = Release|Any CPU
		{F444E5BF-C05A-4422-8E55-A78ADF2B3FA6}.Release|x86.Build.0 = Release|Any CPU
		{E7E02751-EA54-4402-8729-672DC5089EC4}.Debug|Any CPU.ActiveCfg = Debug|Any CPU
		{E7E02751-EA54-4402-8729-672DC5089EC4}.Debug|Any CPU.Build.0 = Debug|Any CPU
		{E7E02751-EA54-4402-8729-672DC5089EC4}.Debug|x64.ActiveCfg = Debug|Any CPU
		{E7E02751-EA54-4402-8729-672DC5089EC4}.Debug|x64.Build.0 = Debug|Any CPU
		{E7E02751-EA54-4402-8729-672DC5089EC4}.Debug|x86.ActiveCfg = Debug|Any CPU
		{E7E02751-EA54-4402-8729-672DC5089EC4}.Debug|x86.Build.0 = Debug|Any CPU
		{E7E02751-EA54-4402-8729-672DC5089EC4}.Release|Any CPU.ActiveCfg = Release|Any CPU
		{E7E02751-EA54-4402-8729-672DC5089EC4}.Release|Any CPU.Build.0 = Release|Any CPU
		{E7E02751-EA54-4402-8729-672DC5089EC4}.Release|x64.ActiveCfg = Release|Any CPU
		{E7E02751-EA54-4402-8729-672DC5089EC4}.Release|x64.Build.0 = Release|Any CPU
		{E7E02751-EA54-4402-8729-672DC5089EC4}.Release|x86.ActiveCfg = Release|Any CPU
		{E7E02751-EA54-4402-8729-672DC5089EC4}.Release|x86.Build.0 = Release|Any CPU
		{B4055A93-640A-430D-A8F2-349E040CCAC7}.Debug|Any CPU.ActiveCfg = Debug|Any CPU
		{B4055A93-640A-430D-A8F2-349E040CCAC7}.Debug|Any CPU.Build.0 = Debug|Any CPU
		{B4055A93-640A-430D-A8F2-349E040CCAC7}.Debug|x64.ActiveCfg = Debug|Any CPU
		{B4055A93-640A-430D-A8F2-349E040CCAC7}.Debug|x64.Build.0 = Debug|Any CPU
		{B4055A93-640A-430D-A8F2-349E040CCAC7}.Debug|x86.ActiveCfg = Debug|Any CPU
		{B4055A93-640A-430D-A8F2-349E040CCAC7}.Debug|x86.Build.0 = Debug|Any CPU
		{B4055A93-640A-430D-A8F2-349E040CCAC7}.Release|Any CPU.ActiveCfg = Release|Any CPU
		{B4055A93-640A-430D-A8F2-349E040CCAC7}.Release|Any CPU.Build.0 = Release|Any CPU
		{B4055A93-640A-430D-A8F2-349E040CCAC7}.Release|x64.ActiveCfg = Release|Any CPU
		{B4055A93-640A-430D-A8F2-349E040CCAC7}.Release|x64.Build.0 = Release|Any CPU
		{B4055A93-640A-430D-A8F2-349E040CCAC7}.Release|x86.ActiveCfg = Release|Any CPU
		{B4055A93-640A-430D-A8F2-349E040CCAC7}.Release|x86.Build.0 = Release|Any CPU
		{16BCC57C-CB1D-4D13-87BD-4506A1F7440A}.Debug|Any CPU.ActiveCfg = Debug|Any CPU
		{16BCC57C-CB1D-4D13-87BD-4506A1F7440A}.Debug|Any CPU.Build.0 = Debug|Any CPU
		{16BCC57C-CB1D-4D13-87BD-4506A1F7440A}.Debug|x64.ActiveCfg = Debug|Any CPU
		{16BCC57C-CB1D-4D13-87BD-4506A1F7440A}.Debug|x64.Build.0 = Debug|Any CPU
		{16BCC57C-CB1D-4D13-87BD-4506A1F7440A}.Debug|x86.ActiveCfg = Debug|Any CPU
		{16BCC57C-CB1D-4D13-87BD-4506A1F7440A}.Debug|x86.Build.0 = Debug|Any CPU
		{16BCC57C-CB1D-4D13-87BD-4506A1F7440A}.Release|Any CPU.ActiveCfg = Release|Any CPU
		{16BCC57C-CB1D-4D13-87BD-4506A1F7440A}.Release|Any CPU.Build.0 = Release|Any CPU
		{16BCC57C-CB1D-4D13-87BD-4506A1F7440A}.Release|x64.ActiveCfg = Release|Any CPU
		{16BCC57C-CB1D-4D13-87BD-4506A1F7440A}.Release|x64.Build.0 = Release|Any CPU
		{16BCC57C-CB1D-4D13-87BD-4506A1F7440A}.Release|x86.ActiveCfg = Release|Any CPU
		{16BCC57C-CB1D-4D13-87BD-4506A1F7440A}.Release|x86.Build.0 = Release|Any CPU
		{2C25653E-EA21-45F7-B75E-1931C9869248}.Debug|Any CPU.ActiveCfg = Debug|Any CPU
		{2C25653E-EA21-45F7-B75E-1931C9869248}.Debug|Any CPU.Build.0 = Debug|Any CPU
		{2C25653E-EA21-45F7-B75E-1931C9869248}.Debug|x64.ActiveCfg = Debug|Any CPU
		{2C25653E-EA21-45F7-B75E-1931C9869248}.Debug|x64.Build.0 = Debug|Any CPU
		{2C25653E-EA21-45F7-B75E-1931C9869248}.Debug|x86.ActiveCfg = Debug|Any CPU
		{2C25653E-EA21-45F7-B75E-1931C9869248}.Debug|x86.Build.0 = Debug|Any CPU
		{2C25653E-EA21-45F7-B75E-1931C9869248}.Release|Any CPU.ActiveCfg = Release|Any CPU
		{2C25653E-EA21-45F7-B75E-1931C9869248}.Release|Any CPU.Build.0 = Release|Any CPU
		{2C25653E-EA21-45F7-B75E-1931C9869248}.Release|x64.ActiveCfg = Release|Any CPU
		{2C25653E-EA21-45F7-B75E-1931C9869248}.Release|x64.Build.0 = Release|Any CPU
		{2C25653E-EA21-45F7-B75E-1931C9869248}.Release|x86.ActiveCfg = Release|Any CPU
		{2C25653E-EA21-45F7-B75E-1931C9869248}.Release|x86.Build.0 = Release|Any CPU
		{78272993-EFDA-4C67-95A8-359E2E52DB6A}.Debug|Any CPU.ActiveCfg = Debug|Any CPU
		{78272993-EFDA-4C67-95A8-359E2E52DB6A}.Debug|Any CPU.Build.0 = Debug|Any CPU
		{78272993-EFDA-4C67-95A8-359E2E52DB6A}.Debug|x64.ActiveCfg = Debug|Any CPU
		{78272993-EFDA-4C67-95A8-359E2E52DB6A}.Debug|x64.Build.0 = Debug|Any CPU
		{78272993-EFDA-4C67-95A8-359E2E52DB6A}.Debug|x86.ActiveCfg = Debug|Any CPU
		{78272993-EFDA-4C67-95A8-359E2E52DB6A}.Debug|x86.Build.0 = Debug|Any CPU
		{78272993-EFDA-4C67-95A8-359E2E52DB6A}.Release|Any CPU.ActiveCfg = Release|Any CPU
		{78272993-EFDA-4C67-95A8-359E2E52DB6A}.Release|Any CPU.Build.0 = Release|Any CPU
		{78272993-EFDA-4C67-95A8-359E2E52DB6A}.Release|x64.ActiveCfg = Release|Any CPU
		{78272993-EFDA-4C67-95A8-359E2E52DB6A}.Release|x64.Build.0 = Release|Any CPU
		{78272993-EFDA-4C67-95A8-359E2E52DB6A}.Release|x86.ActiveCfg = Release|Any CPU
		{78272993-EFDA-4C67-95A8-359E2E52DB6A}.Release|x86.Build.0 = Release|Any CPU
		{913819C2-8A1E-4F6F-8C19-81D07C3C9E45}.Debug|Any CPU.ActiveCfg = Debug|Any CPU
		{913819C2-8A1E-4F6F-8C19-81D07C3C9E45}.Debug|Any CPU.Build.0 = Debug|Any CPU
		{913819C2-8A1E-4F6F-8C19-81D07C3C9E45}.Debug|x64.ActiveCfg = Debug|Any CPU
		{913819C2-8A1E-4F6F-8C19-81D07C3C9E45}.Debug|x64.Build.0 = Debug|Any CPU
		{913819C2-8A1E-4F6F-8C19-81D07C3C9E45}.Debug|x86.ActiveCfg = Debug|Any CPU
		{913819C2-8A1E-4F6F-8C19-81D07C3C9E45}.Debug|x86.Build.0 = Debug|Any CPU
		{913819C2-8A1E-4F6F-8C19-81D07C3C9E45}.Release|Any CPU.ActiveCfg = Release|Any CPU
		{913819C2-8A1E-4F6F-8C19-81D07C3C9E45}.Release|Any CPU.Build.0 = Release|Any CPU
		{913819C2-8A1E-4F6F-8C19-81D07C3C9E45}.Release|x64.ActiveCfg = Release|Any CPU
		{913819C2-8A1E-4F6F-8C19-81D07C3C9E45}.Release|x64.Build.0 = Release|Any CPU
		{913819C2-8A1E-4F6F-8C19-81D07C3C9E45}.Release|x86.ActiveCfg = Release|Any CPU
		{913819C2-8A1E-4F6F-8C19-81D07C3C9E45}.Release|x86.Build.0 = Release|Any CPU
		{B99A709B-720E-4CED-AA6D-D8547EE81898}.Debug|Any CPU.ActiveCfg = Debug|Any CPU
		{B99A709B-720E-4CED-AA6D-D8547EE81898}.Debug|Any CPU.Build.0 = Debug|Any CPU
		{B99A709B-720E-4CED-AA6D-D8547EE81898}.Debug|x64.ActiveCfg = Debug|Any CPU
		{B99A709B-720E-4CED-AA6D-D8547EE81898}.Debug|x64.Build.0 = Debug|Any CPU
		{B99A709B-720E-4CED-AA6D-D8547EE81898}.Debug|x86.ActiveCfg = Debug|Any CPU
		{B99A709B-720E-4CED-AA6D-D8547EE81898}.Debug|x86.Build.0 = Debug|Any CPU
		{B99A709B-720E-4CED-AA6D-D8547EE81898}.Release|Any CPU.ActiveCfg = Release|Any CPU
		{B99A709B-720E-4CED-AA6D-D8547EE81898}.Release|Any CPU.Build.0 = Release|Any CPU
		{B99A709B-720E-4CED-AA6D-D8547EE81898}.Release|x64.ActiveCfg = Release|Any CPU
		{B99A709B-720E-4CED-AA6D-D8547EE81898}.Release|x64.Build.0 = Release|Any CPU
		{B99A709B-720E-4CED-AA6D-D8547EE81898}.Release|x86.ActiveCfg = Release|Any CPU
		{B99A709B-720E-4CED-AA6D-D8547EE81898}.Release|x86.Build.0 = Release|Any CPU
		{6EB441AF-E6A5-4E93-868B-35A28D7280E5}.Debug|Any CPU.ActiveCfg = Debug|Any CPU
		{6EB441AF-E6A5-4E93-868B-35A28D7280E5}.Debug|Any CPU.Build.0 = Debug|Any CPU
		{6EB441AF-E6A5-4E93-868B-35A28D7280E5}.Debug|x64.ActiveCfg = Debug|Any CPU
		{6EB441AF-E6A5-4E93-868B-35A28D7280E5}.Debug|x64.Build.0 = Debug|Any CPU
		{6EB441AF-E6A5-4E93-868B-35A28D7280E5}.Debug|x86.ActiveCfg = Debug|Any CPU
		{6EB441AF-E6A5-4E93-868B-35A28D7280E5}.Debug|x86.Build.0 = Debug|Any CPU
		{6EB441AF-E6A5-4E93-868B-35A28D7280E5}.Release|Any CPU.ActiveCfg = Release|Any CPU
		{6EB441AF-E6A5-4E93-868B-35A28D7280E5}.Release|Any CPU.Build.0 = Release|Any CPU
		{6EB441AF-E6A5-4E93-868B-35A28D7280E5}.Release|x64.ActiveCfg = Release|Any CPU
		{6EB441AF-E6A5-4E93-868B-35A28D7280E5}.Release|x64.Build.0 = Release|Any CPU
		{6EB441AF-E6A5-4E93-868B-35A28D7280E5}.Release|x86.ActiveCfg = Release|Any CPU
		{6EB441AF-E6A5-4E93-868B-35A28D7280E5}.Release|x86.Build.0 = Release|Any CPU
		{F1D36334-9923-4787-A72D-9ED8B602CB7A}.Debug|Any CPU.ActiveCfg = Debug|Any CPU
		{F1D36334-9923-4787-A72D-9ED8B602CB7A}.Debug|Any CPU.Build.0 = Debug|Any CPU
		{F1D36334-9923-4787-A72D-9ED8B602CB7A}.Debug|x64.ActiveCfg = Debug|Any CPU
		{F1D36334-9923-4787-A72D-9ED8B602CB7A}.Debug|x64.Build.0 = Debug|Any CPU
		{F1D36334-9923-4787-A72D-9ED8B602CB7A}.Debug|x86.ActiveCfg = Debug|Any CPU
		{F1D36334-9923-4787-A72D-9ED8B602CB7A}.Debug|x86.Build.0 = Debug|Any CPU
		{F1D36334-9923-4787-A72D-9ED8B602CB7A}.Release|Any CPU.ActiveCfg = Release|Any CPU
		{F1D36334-9923-4787-A72D-9ED8B602CB7A}.Release|Any CPU.Build.0 = Release|Any CPU
		{F1D36334-9923-4787-A72D-9ED8B602CB7A}.Release|x64.ActiveCfg = Release|Any CPU
		{F1D36334-9923-4787-A72D-9ED8B602CB7A}.Release|x64.Build.0 = Release|Any CPU
		{F1D36334-9923-4787-A72D-9ED8B602CB7A}.Release|x86.ActiveCfg = Release|Any CPU
		{F1D36334-9923-4787-A72D-9ED8B602CB7A}.Release|x86.Build.0 = Release|Any CPU
		{9C9E0A91-F200-4DC2-A680-9D24BFFC5BA3}.Debug|Any CPU.ActiveCfg = Debug|Any CPU
		{9C9E0A91-F200-4DC2-A680-9D24BFFC5BA3}.Debug|Any CPU.Build.0 = Debug|Any CPU
		{9C9E0A91-F200-4DC2-A680-9D24BFFC5BA3}.Debug|x64.ActiveCfg = Debug|Any CPU
		{9C9E0A91-F200-4DC2-A680-9D24BFFC5BA3}.Debug|x64.Build.0 = Debug|Any CPU
		{9C9E0A91-F200-4DC2-A680-9D24BFFC5BA3}.Debug|x86.ActiveCfg = Debug|Any CPU
		{9C9E0A91-F200-4DC2-A680-9D24BFFC5BA3}.Debug|x86.Build.0 = Debug|Any CPU
		{9C9E0A91-F200-4DC2-A680-9D24BFFC5BA3}.Release|Any CPU.ActiveCfg = Release|Any CPU
		{9C9E0A91-F200-4DC2-A680-9D24BFFC5BA3}.Release|Any CPU.Build.0 = Release|Any CPU
		{9C9E0A91-F200-4DC2-A680-9D24BFFC5BA3}.Release|x64.ActiveCfg = Release|Any CPU
		{9C9E0A91-F200-4DC2-A680-9D24BFFC5BA3}.Release|x64.Build.0 = Release|Any CPU
		{9C9E0A91-F200-4DC2-A680-9D24BFFC5BA3}.Release|x86.ActiveCfg = Release|Any CPU
		{9C9E0A91-F200-4DC2-A680-9D24BFFC5BA3}.Release|x86.Build.0 = Release|Any CPU
		{AD777012-EDB6-4DF0-B274-880C2CD1A731}.Debug|Any CPU.ActiveCfg = Debug|Any CPU
		{AD777012-EDB6-4DF0-B274-880C2CD1A731}.Debug|Any CPU.Build.0 = Debug|Any CPU
		{AD777012-EDB6-4DF0-B274-880C2CD1A731}.Debug|x64.ActiveCfg = Debug|Any CPU
		{AD777012-EDB6-4DF0-B274-880C2CD1A731}.Debug|x64.Build.0 = Debug|Any CPU
		{AD777012-EDB6-4DF0-B274-880C2CD1A731}.Debug|x86.ActiveCfg = Debug|Any CPU
		{AD777012-EDB6-4DF0-B274-880C2CD1A731}.Debug|x86.Build.0 = Debug|Any CPU
		{AD777012-EDB6-4DF0-B274-880C2CD1A731}.Release|Any CPU.ActiveCfg = Release|Any CPU
		{AD777012-EDB6-4DF0-B274-880C2CD1A731}.Release|Any CPU.Build.0 = Release|Any CPU
		{AD777012-EDB6-4DF0-B274-880C2CD1A731}.Release|x64.ActiveCfg = Release|Any CPU
		{AD777012-EDB6-4DF0-B274-880C2CD1A731}.Release|x64.Build.0 = Release|Any CPU
		{AD777012-EDB6-4DF0-B274-880C2CD1A731}.Release|x86.ActiveCfg = Release|Any CPU
		{AD777012-EDB6-4DF0-B274-880C2CD1A731}.Release|x86.Build.0 = Release|Any CPU
		{2042AA67-2AB2-4407-8966-213174E1A9C8}.Debug|Any CPU.ActiveCfg = Debug|Any CPU
		{2042AA67-2AB2-4407-8966-213174E1A9C8}.Debug|Any CPU.Build.0 = Debug|Any CPU
		{2042AA67-2AB2-4407-8966-213174E1A9C8}.Debug|x64.ActiveCfg = Debug|Any CPU
		{2042AA67-2AB2-4407-8966-213174E1A9C8}.Debug|x64.Build.0 = Debug|Any CPU
		{2042AA67-2AB2-4407-8966-213174E1A9C8}.Debug|x86.ActiveCfg = Debug|Any CPU
		{2042AA67-2AB2-4407-8966-213174E1A9C8}.Debug|x86.Build.0 = Debug|Any CPU
		{2042AA67-2AB2-4407-8966-213174E1A9C8}.Release|Any CPU.ActiveCfg = Release|Any CPU
		{2042AA67-2AB2-4407-8966-213174E1A9C8}.Release|Any CPU.Build.0 = Release|Any CPU
		{2042AA67-2AB2-4407-8966-213174E1A9C8}.Release|x64.ActiveCfg = Release|Any CPU
		{2042AA67-2AB2-4407-8966-213174E1A9C8}.Release|x64.Build.0 = Release|Any CPU
		{2042AA67-2AB2-4407-8966-213174E1A9C8}.Release|x86.ActiveCfg = Release|Any CPU
		{2042AA67-2AB2-4407-8966-213174E1A9C8}.Release|x86.Build.0 = Release|Any CPU
		{307A0C3E-1201-4B50-B554-CF00046B086C}.Debug|Any CPU.ActiveCfg = Debug|Any CPU
		{307A0C3E-1201-4B50-B554-CF00046B086C}.Debug|Any CPU.Build.0 = Debug|Any CPU
		{307A0C3E-1201-4B50-B554-CF00046B086C}.Debug|x64.ActiveCfg = Debug|Any CPU
		{307A0C3E-1201-4B50-B554-CF00046B086C}.Debug|x64.Build.0 = Debug|Any CPU
		{307A0C3E-1201-4B50-B554-CF00046B086C}.Debug|x86.ActiveCfg = Debug|Any CPU
		{307A0C3E-1201-4B50-B554-CF00046B086C}.Debug|x86.Build.0 = Debug|Any CPU
		{307A0C3E-1201-4B50-B554-CF00046B086C}.Release|Any CPU.ActiveCfg = Release|Any CPU
		{307A0C3E-1201-4B50-B554-CF00046B086C}.Release|Any CPU.Build.0 = Release|Any CPU
		{307A0C3E-1201-4B50-B554-CF00046B086C}.Release|x64.ActiveCfg = Release|Any CPU
		{307A0C3E-1201-4B50-B554-CF00046B086C}.Release|x64.Build.0 = Release|Any CPU
		{307A0C3E-1201-4B50-B554-CF00046B086C}.Release|x86.ActiveCfg = Release|Any CPU
		{307A0C3E-1201-4B50-B554-CF00046B086C}.Release|x86.Build.0 = Release|Any CPU
	EndGlobalSection
	GlobalSection(SolutionProperties) = preSolution
		HideSolutionNode = FALSE
	EndGlobalSection
	GlobalSection(NestedProjects) = preSolution
		{F9A40B29-FE47-4386-8B8C-7301ED98AC79} = {DDD862B3-F3A9-4867-A130-24495547E8E1}
		{C364D9EB-DBC0-41A5-95D5-988441C71FD7} = {F9A40B29-FE47-4386-8B8C-7301ED98AC79}
		{F444E5BF-C05A-4422-8E55-A78ADF2B3FA6} = {F9A40B29-FE47-4386-8B8C-7301ED98AC79}
		{E7E02751-EA54-4402-8729-672DC5089EC4} = {F9A40B29-FE47-4386-8B8C-7301ED98AC79}
		{16F33D43-03C8-46B9-AF4A-7E78037DF966} = {DDD862B3-F3A9-4867-A130-24495547E8E1}
		{B4055A93-640A-430D-A8F2-349E040CCAC7} = {16F33D43-03C8-46B9-AF4A-7E78037DF966}
		{16BCC57C-CB1D-4D13-87BD-4506A1F7440A} = {16F33D43-03C8-46B9-AF4A-7E78037DF966}
		{2C25653E-EA21-45F7-B75E-1931C9869248} = {16F33D43-03C8-46B9-AF4A-7E78037DF966}
		{78272993-EFDA-4C67-95A8-359E2E52DB6A} = {16F33D43-03C8-46B9-AF4A-7E78037DF966}
		{85C339B1-1675-4B05-BD85-55636B11D616} = {9CB502D7-5EF7-43FA-82C4-8713E0445320}
		{913819C2-8A1E-4F6F-8C19-81D07C3C9E45} = {85C339B1-1675-4B05-BD85-55636B11D616}
		{B99A709B-720E-4CED-AA6D-D8547EE81898} = {85C339B1-1675-4B05-BD85-55636B11D616}
		{6EB441AF-E6A5-4E93-868B-35A28D7280E5} = {85C339B1-1675-4B05-BD85-55636B11D616}
		{2BE78DC6-2EAA-4D8F-A650-861B8D8F8C59} = {9CB502D7-5EF7-43FA-82C4-8713E0445320}
		{F1D36334-9923-4787-A72D-9ED8B602CB7A} = {2BE78DC6-2EAA-4D8F-A650-861B8D8F8C59}
		{9C9E0A91-F200-4DC2-A680-9D24BFFC5BA3} = {2BE78DC6-2EAA-4D8F-A650-861B8D8F8C59}
		{AD777012-EDB6-4DF0-B274-880C2CD1A731} = {2BE78DC6-2EAA-4D8F-A650-861B8D8F8C59}
		{2042AA67-2AB2-4407-8966-213174E1A9C8} = {2BE78DC6-2EAA-4D8F-A650-861B8D8F8C59}
	EndGlobalSection
	GlobalSection(ExtensibilityGlobals) = postSolution
		SolutionGuid = {E251D2ED-16DB-47B0-BCC3-8B2D62C38EBE}
	EndGlobalSection
EndGlobal
